// !$*UTF8*$!
{
	archiveVersion = 1;
	classes = {
	};
	objectVersion = 56;
	objects = {

/* Begin PBXBuildFile section */
		B1000001000000AA /* PrinterActivityMonitorApp.swift in Sources */ = {isa = PBXBuildFile; fileRef = B1100001000000AA /* PrinterActivityMonitorApp.swift */; };
		B1000002000000AA /* ContentView.swift in Sources */ = {isa = PBXBuildFile; fileRef = B1100002000000AA /* ContentView.swift */; };
		B1000003000000AA /* Assets.xcassets in Resources */ = {isa = PBXBuildFile; fileRef = B1100003000000AA /* Assets.xcassets */; };
		B1000004000000AA /* PrinterState.swift in Sources */ = {isa = PBXBuildFile; fileRef = B1100004000000AA /* PrinterState.swift */; };
		B1000005000000AA /* Settings.swift in Sources */ = {isa = PBXBuildFile; fileRef = B1100005000000AA /* Settings.swift */; };
		B1000006000000AA /* HAAPIService.swift in Sources */ = {isa = PBXBuildFile; fileRef = B1100006000000AA /* HAAPIService.swift */; };
		B1000007000000AA /* ActivityManager.swift in Sources */ = {isa = PBXBuildFile; fileRef = B1100007000000AA /* ActivityManager.swift */; };
		B1000008000000AA /* SettingsView.swift in Sources */ = {isa = PBXBuildFile; fileRef = B1100008000000AA /* SettingsView.swift */; };
		B1000009000000AA /* PrinterDashboardView.swift in Sources */ = {isa = PBXBuildFile; fileRef = B1100009000000AA /* PrinterDashboardView.swift */; };
		B100000A000000AA /* GlassCard.swift in Sources */ = {isa = PBXBuildFile; fileRef = B110000A000000AA /* GlassCard.swift */; };
		B100000B000000AA /* RainbowShimmer.swift in Sources */ = {isa = PBXBuildFile; fileRef = B110000B000000AA /* RainbowShimmer.swift */; };
		B100000C000000AA /* ProgressBar.swift in Sources */ = {isa = PBXBuildFile; fileRef = B110000C000000AA /* ProgressBar.swift */; };
		B100000D000000AA /* PrinterActivityAttributes.swift in Sources */ = {isa = PBXBuildFile; fileRef = B110000D000000AA /* PrinterActivityAttributes.swift */; };
		B2000001000000BB /* PrinterActivityMonitorWidgetBundle.swift in Sources */ = {isa = PBXBuildFile; fileRef = B2100001000000BB /* PrinterActivityMonitorWidgetBundle.swift */; };
		B2000002000000BB /* PrinterLiveActivityView.swift in Sources */ = {isa = PBXBuildFile; fileRef = B2100002000000BB /* PrinterLiveActivityView.swift */; };
		B2000003000000BB /* Assets.xcassets in Resources */ = {isa = PBXBuildFile; fileRef = B1100003000000AA /* Assets.xcassets */; };
		B2000004000000BB /* PrinterActivityAttributes.swift in Sources */ = {isa = PBXBuildFile; fileRef = B110000D000000AA /* PrinterActivityAttributes.swift */; };
		B3000001000000CC /* PrinterActivityMonitorWidgetExtension.appex in Embed Foundation Extensions */ = {isa = PBXBuildFile; fileRef = B2200000000000BB /* PrinterActivityMonitorWidgetExtension.appex */; settings = {ATTRIBUTES = (RemoveHeadersOnCopy, ); }; };
/* End PBXBuildFile section */

/* Begin PBXContainerItemProxy section */
		B4000001000000DD /* PBXContainerItemProxy */ = {
			isa = PBXContainerItemProxy;
			containerPortal = B0000001000000AA /* Project object */;
			proxyType = 1;
			remoteGlobalIDString = B2300000000000BB;
			remoteInfo = PrinterActivityMonitorWidgetExtension;
		};
/* End PBXContainerItemProxy section */

/* Begin PBXCopyFilesBuildPhase section */
		B5000001000000EE /* Embed Foundation Extensions */ = {
			isa = PBXCopyFilesBuildPhase;
			buildActionMask = 2147483647;
			dstPath = "";
			dstSubfolderSpec = 13;
			files = (
				B3000001000000CC /* PrinterActivityMonitorWidgetExtension.appex in Embed Foundation Extensions */,
			);
			name = "Embed Foundation Extensions";
			runOnlyForDeploymentPostprocessing = 0;
		};
/* End PBXCopyFilesBuildPhase section */

/* Begin PBXFileReference section */
		B1100001000000AA /* PrinterActivityMonitorApp.swift */ = {isa = PBXFileReference; lastKnownFileType = sourcecode.swift; path = PrinterActivityMonitorApp.swift; sourceTree = "<group>"; };
		B1100002000000AA /* ContentView.swift */ = {isa = PBXFileReference; lastKnownFileType = sourcecode.swift; path = ContentView.swift; sourceTree = "<group>"; };
		B1100003000000AA /* Assets.xcassets */ = {isa = PBXFileReference; lastKnownFileType = folder.assetcatalog; path = Assets.xcassets; sourceTree = "<group>"; };
		B1100004000000AA /* PrinterState.swift */ = {isa = PBXFileReference; lastKnownFileType = sourcecode.swift; path = PrinterState.swift; sourceTree = "<group>"; };
		B1100005000000AA /* Settings.swift */ = {isa = PBXFileReference; lastKnownFileType = sourcecode.swift; path = Settings.swift; sourceTree = "<group>"; };
		B1100006000000AA /* HAAPIService.swift */ = {isa = PBXFileReference; lastKnownFileType = sourcecode.swift; path = HAAPIService.swift; sourceTree = "<group>"; };
		B1100007000000AA /* ActivityManager.swift */ = {isa = PBXFileReference; lastKnownFileType = sourcecode.swift; path = ActivityManager.swift; sourceTree = "<group>"; };
		B1100008000000AA /* SettingsView.swift */ = {isa = PBXFileReference; lastKnownFileType = sourcecode.swift; path = SettingsView.swift; sourceTree = "<group>"; };
		B1100009000000AA /* PrinterDashboardView.swift */ = {isa = PBXFileReference; lastKnownFileType = sourcecode.swift; path = PrinterDashboardView.swift; sourceTree = "<group>"; };
		B110000A000000AA /* GlassCard.swift */ = {isa = PBXFileReference; lastKnownFileType = sourcecode.swift; path = GlassCard.swift; sourceTree = "<group>"; };
		B110000B000000AA /* RainbowShimmer.swift */ = {isa = PBXFileReference; lastKnownFileType = sourcecode.swift; path = RainbowShimmer.swift; sourceTree = "<group>"; };
		B110000C000000AA /* ProgressBar.swift */ = {isa = PBXFileReference; lastKnownFileType = sourcecode.swift; path = ProgressBar.swift; sourceTree = "<group>"; };
		B110000D000000AA /* PrinterActivityAttributes.swift */ = {isa = PBXFileReference; lastKnownFileType = sourcecode.swift; path = PrinterActivityAttributes.swift; sourceTree = "<group>"; };
		B110000E000000AA /* Info.plist */ = {isa = PBXFileReference; lastKnownFileType = text.plist.xml; path = Info.plist; sourceTree = "<group>"; };
		B1200000000000AA /* PrinterActivityMonitor.app */ = {isa = PBXFileReference; explicitFileType = wrapper.application; includeInIndex = 0; path = PrinterActivityMonitor.app; sourceTree = BUILT_PRODUCTS_DIR; };
		B2100001000000BB /* PrinterActivityMonitorWidgetBundle.swift */ = {isa = PBXFileReference; lastKnownFileType = sourcecode.swift; path = PrinterActivityMonitorWidgetBundle.swift; sourceTree = "<group>"; };
		B2100002000000BB /* PrinterLiveActivityView.swift */ = {isa = PBXFileReference; lastKnownFileType = sourcecode.swift; path = PrinterLiveActivityView.swift; sourceTree = "<group>"; };
		B2100003000000BB /* Info.plist */ = {isa = PBXFileReference; lastKnownFileType = text.plist.xml; path = Info.plist; sourceTree = "<group>"; };
		B2200000000000BB /* PrinterActivityMonitorWidgetExtension.appex */ = {isa = PBXFileReference; explicitFileType = "wrapper.app-extension"; includeInIndex = 0; path = PrinterActivityMonitorWidgetExtension.appex; sourceTree = BUILT_PRODUCTS_DIR; };
/* End PBXFileReference section */

/* Begin PBXFrameworksBuildPhase section */
		B6000001000000FF /* Frameworks */ = {
			isa = PBXFrameworksBuildPhase;
			buildActionMask = 2147483647;
			files = (
			);
			runOnlyForDeploymentPostprocessing = 0;
		};
		B6000002000000FF /* Frameworks */ = {
			isa = PBXFrameworksBuildPhase;
			buildActionMask = 2147483647;
			files = (
			);
			runOnlyForDeploymentPostprocessing = 0;
		};
/* End PBXFrameworksBuildPhase section */

/* Begin PBXGroup section */
		B7000001000000AA = {
			isa = PBXGroup;
			children = (
				B7000002000000AA /* PrinterActivityMonitor */,
				B7000003000000AA /* PrinterActivityMonitorWidget */,
				B7000004000000AA /* Products */,
			);
			sourceTree = "<group>";
		};
		B7000002000000AA /* PrinterActivityMonitor */ = {
			isa = PBXGroup;
			children = (
				B1100001000000AA /* PrinterActivityMonitorApp.swift */,
				B1100002000000AA /* ContentView.swift */,
				B7000005000000AA /* Models */,
				B7000006000000AA /* Views */,
				B7000007000000AA /* Services */,
				B7000008000000AA /* Components */,
				B1100003000000AA /* Assets.xcassets */,
				B110000E000000AA /* Info.plist */,
			);
			path = PrinterActivityMonitor;
			sourceTree = "<group>";
		};
		B7000003000000AA /* PrinterActivityMonitorWidget */ = {
			isa = PBXGroup;
			children = (
				B2100001000000BB /* PrinterActivityMonitorWidgetBundle.swift */,
				B2100002000000BB /* PrinterLiveActivityView.swift */,
				B2100003000000BB /* Info.plist */,
			);
			path = PrinterActivityMonitorWidget;
			sourceTree = "<group>";
		};
		B7000004000000AA /* Products */ = {
			isa = PBXGroup;
			children = (
				B1200000000000AA /* PrinterActivityMonitor.app */,
				B2200000000000BB /* PrinterActivityMonitorWidgetExtension.appex */,
			);
			name = Products;
			sourceTree = "<group>";
		};
		B7000005000000AA /* Models */ = {
			isa = PBXGroup;
			children = (
				B1100004000000AA /* PrinterState.swift */,
				B1100005000000AA /* Settings.swift */,
				B110000D000000AA /* PrinterActivityAttributes.swift */,
			);
			path = Models;
			sourceTree = "<group>";
		};
		B7000006000000AA /* Views */ = {
			isa = PBXGroup;
			children = (
				B1100008000000AA /* SettingsView.swift */,
				B1100009000000AA /* PrinterDashboardView.swift */,
			);
			path = Views;
			sourceTree = "<group>";
		};
		B7000007000000AA /* Services */ = {
			isa = PBXGroup;
			children = (
				B1100006000000AA /* HAAPIService.swift */,
				B1100007000000AA /* ActivityManager.swift */,
			);
			path = Services;
			sourceTree = "<group>";
		};
		B7000008000000AA /* Components */ = {
			isa = PBXGroup;
			children = (
				B110000A000000AA /* GlassCard.swift */,
				B110000B000000AA /* RainbowShimmer.swift */,
				B110000C000000AA /* ProgressBar.swift */,
			);
			path = Components;
			sourceTree = "<group>";
		};
/* End PBXGroup section */

/* Begin PBXNativeTarget section */
		B1300000000000AA /* PrinterActivityMonitor */ = {
			isa = PBXNativeTarget;
			buildConfigurationList = B8000001000000AA /* Build configuration list for PBXNativeTarget "PrinterActivityMonitor" */;
			buildPhases = (
				B9000001000000AA /* Sources */,
				B6000001000000FF /* Frameworks */,
				BA000001000000AA /* Resources */,
				B5000001000000EE /* Embed Foundation Extensions */,
			);
			buildRules = (
			);
			dependencies = (
				B4000002000000DD /* PBXTargetDependency */,
			);
			name = PrinterActivityMonitor;
			productName = PrinterActivityMonitor;
			productReference = B1200000000000AA /* PrinterActivityMonitor.app */;
			productType = "com.apple.product-type.application";
		};
		B2300000000000BB /* PrinterActivityMonitorWidgetExtension */ = {
			isa = PBXNativeTarget;
			buildConfigurationList = B8000002000000BB /* Build configuration list for PBXNativeTarget "PrinterActivityMonitorWidgetExtension" */;
			buildPhases = (
				B9000002000000BB /* Sources */,
				B6000002000000FF /* Frameworks */,
				BA000002000000BB /* Resources */,
			);
			buildRules = (
			);
			dependencies = (
			);
			name = PrinterActivityMonitorWidgetExtension;
			productName = PrinterActivityMonitorWidgetExtension;
			productReference = B2200000000000BB /* PrinterActivityMonitorWidgetExtension.appex */;
			productType = "com.apple.product-type.app-extension";
		};
/* End PBXNativeTarget section */

/* Begin PBXProject section */
		B0000001000000AA /* Project object */ = {
			isa = PBXProject;
			attributes = {
				BuildIndependentTargetsInParallel = 1;
				LastSwiftUpdateCheck = 1500;
				LastUpgradeCheck = 1500;
				TargetAttributes = {
					B1300000000000AA = {
						CreatedOnToolsVersion = 15.0;
					};
					B2300000000000BB = {
						CreatedOnToolsVersion = 15.0;
					};
				};
			};
			buildConfigurationList = B8000000000000AA /* Build configuration list for PBXProject "PrinterActivityMonitor" */;
			compatibilityVersion = "Xcode 14.0";
			developmentRegion = en;
			hasScannedForEncodings = 0;
			knownRegions = (
				en,
				Base,
			);
			mainGroup = B7000001000000AA;
			productRefGroup = B7000004000000AA /* Products */;
			projectDirPath = "";
			projectRoot = "";
			targets = (
				B1300000000000AA /* PrinterActivityMonitor */,
				B2300000000000BB /* PrinterActivityMonitorWidgetExtension */,
			);
		};
/* End PBXProject section */

/* Begin PBXResourcesBuildPhase section */
		BA000001000000AA /* Resources */ = {
			isa = PBXResourcesBuildPhase;
			buildActionMask = 2147483647;
			files = (
				B1000003000000AA /* Assets.xcassets in Resources */,
			);
			runOnlyForDeploymentPostprocessing = 0;
		};
		BA000002000000BB /* Resources */ = {
			isa = PBXResourcesBuildPhase;
			buildActionMask = 2147483647;
			files = (
				B2000003000000BB /* Assets.xcassets in Resources */,
			);
			runOnlyForDeploymentPostprocessing = 0;
		};
/* End PBXResourcesBuildPhase section */

/* Begin PBXSourcesBuildPhase section */
		B9000001000000AA /* Sources */ = {
			isa = PBXSourcesBuildPhase;
			buildActionMask = 2147483647;
			files = (
				B1000001000000AA /* PrinterActivityMonitorApp.swift in Sources */,
				B1000002000000AA /* ContentView.swift in Sources */,
				B1000004000000AA /* PrinterState.swift in Sources */,
				B1000005000000AA /* Settings.swift in Sources */,
				B1000006000000AA /* HAAPIService.swift in Sources */,
				B1000007000000AA /* ActivityManager.swift in Sources */,
				B1000008000000AA /* SettingsView.swift in Sources */,
				B1000009000000AA /* PrinterDashboardView.swift in Sources */,
				B100000A000000AA /* GlassCard.swift in Sources */,
				B100000B000000AA /* RainbowShimmer.swift in Sources */,
				B100000C000000AA /* ProgressBar.swift in Sources */,
				B100000D000000AA /* PrinterActivityAttributes.swift in Sources */,
			);
			runOnlyForDeploymentPostprocessing = 0;
		};
		B9000002000000BB /* Sources */ = {
			isa = PBXSourcesBuildPhase;
			buildActionMask = 2147483647;
			files = (
				B2000001000000BB /* PrinterActivityMonitorWidgetBundle.swift in Sources */,
				B2000002000000BB /* PrinterLiveActivityView.swift in Sources */,
				B2000004000000BB /* PrinterActivityAttributes.swift in Sources */,
			);
			runOnlyForDeploymentPostprocessing = 0;
		};
/* End PBXSourcesBuildPhase section */

/* Begin PBXTargetDependency section */
		B4000002000000DD /* PBXTargetDependency */ = {
			isa = PBXTargetDependency;
			target = B2300000000000BB /* PrinterActivityMonitorWidgetExtension */;
			targetProxy = B4000001000000DD /* PBXContainerItemProxy */;
		};
/* End PBXTargetDependency section */

/* Begin XCBuildConfiguration section */
		BC000001000000AA /* Debug */ = {
			isa = XCBuildConfiguration;
			buildSettings = {
				ALWAYS_SEARCH_USER_PATHS = NO;
				ASSETCATALOG_COMPILER_GENERATE_SWIFT_ASSET_SYMBOL_EXTENSIONS = YES;
				CLANG_ANALYZER_NONNULL = YES;
				CLANG_ANALYZER_NUMBER_OBJECT_CONVERSION = YES_AGGRESSIVE;
				CLANG_CXX_LANGUAGE_STANDARD = "gnu++20";
				CLANG_ENABLE_MODULES = YES;
				CLANG_ENABLE_OBJC_ARC = YES;
				CLANG_ENABLE_OBJC_WEAK = YES;
				CLANG_WARN_BLOCK_CAPTURE_AUTORELEASING = YES;
				CLANG_WARN_BOOL_CONVERSION = YES;
				CLANG_WARN_COMMA = YES;
				CLANG_WARN_CONSTANT_CONVERSION = YES;
				CLANG_WARN_DEPRECATED_OBJC_IMPLEMENTATIONS = YES;
				CLANG_WARN_DIRECT_OBJC_ISA_USAGE = YES_ERROR;
				CLANG_WARN_DOCUMENTATION_COMMENTS = YES;
				CLANG_WARN_EMPTY_BODY = YES;
				CLANG_WARN_ENUM_CONVERSION = YES;
				CLANG_WARN_INFINITE_RECURSION = YES;
				CLANG_WARN_INT_CONVERSION = YES;
				CLANG_WARN_NON_LITERAL_NULL_CONVERSION = YES;
				CLANG_WARN_OBJC_IMPLICIT_RETAIN_SELF = YES;
				CLANG_WARN_OBJC_LITERAL_CONVERSION = YES;
				CLANG_WARN_OBJC_ROOT_CLASS = YES_ERROR;
				CLANG_WARN_QUOTED_INCLUDE_IN_FRAMEWORK_HEADER = YES;
				CLANG_WARN_RANGE_LOOP_ANALYSIS = YES;
				CLANG_WARN_STRICT_PROTOTYPES = YES;
				CLANG_WARN_SUSPICIOUS_MOVE = YES;
				CLANG_WARN_UNGUARDED_AVAILABILITY = YES_AGGRESSIVE;
				CLANG_WARN_UNREACHABLE_CODE = YES;
				CLANG_WARN__DUPLICATE_METHOD_MATCH = YES;
				COPY_PHASE_STRIP = NO;
				DEBUG_INFORMATION_FORMAT = dwarf;
				ENABLE_STRICT_OBJC_MSGSEND = YES;
				ENABLE_TESTABILITY = YES;
				ENABLE_USER_SCRIPT_SANDBOXING = YES;
				GCC_C_LANGUAGE_STANDARD = gnu17;
				GCC_DYNAMIC_NO_PIC = NO;
				GCC_NO_COMMON_BLOCKS = YES;
				GCC_OPTIMIZATION_LEVEL = 0;
				GCC_PREPROCESSOR_DEFINITIONS = (
					"DEBUG=1",
					"$(inherited)",
				);
				GCC_WARN_64_TO_32_BIT_CONVERSION = YES;
				GCC_WARN_ABOUT_RETURN_TYPE = YES_ERROR;
				GCC_WARN_UNDECLARED_SELECTOR = YES;
				GCC_WARN_UNINITIALIZED_AUTOS = YES_AGGRESSIVE;
				GCC_WARN_UNUSED_FUNCTION = YES;
				GCC_WARN_UNUSED_VARIABLE = YES;
				IPHONEOS_DEPLOYMENT_TARGET = 17.0;
				LOCALIZATION_PREFERS_STRING_CATALOGS = YES;
				MTL_ENABLE_DEBUG_INFO = INCLUDE_SOURCE;
				MTL_FAST_MATH = YES;
				ONLY_ACTIVE_ARCH = YES;
				SDKROOT = iphoneos;
				SWIFT_ACTIVE_COMPILATION_CONDITIONS = "DEBUG $(inherited)";
				SWIFT_OPTIMIZATION_LEVEL = "-Onone";
			};
			name = Debug;
		};
		BC000002000000AA /* Release */ = {
			isa = XCBuildConfiguration;
			buildSettings = {
				ALWAYS_SEARCH_USER_PATHS = NO;
				ASSETCATALOG_COMPILER_GENERATE_SWIFT_ASSET_SYMBOL_EXTENSIONS = YES;
				CLANG_ANALYZER_NONNULL = YES;
				CLANG_ANALYZER_NUMBER_OBJECT_CONVERSION = YES_AGGRESSIVE;
				CLANG_CXX_LANGUAGE_STANDARD = "gnu++20";
				CLANG_ENABLE_MODULES = YES;
				CLANG_ENABLE_OBJC_ARC = YES;
				CLANG_ENABLE_OBJC_WEAK = YES;
				CLANG_WARN_BLOCK_CAPTURE_AUTORELEASING = YES;
				CLANG_WARN_BOOL_CONVERSION = YES;
				CLANG_WARN_COMMA = YES;
				CLANG_WARN_CONSTANT_CONVERSION = YES;
				CLANG_WARN_DEPRECATED_OBJC_IMPLEMENTATIONS = YES;
				CLANG_WARN_DIRECT_OBJC_ISA_USAGE = YES_ERROR;
				CLANG_WARN_DOCUMENTATION_COMMENTS = YES;
				CLANG_WARN_EMPTY_BODY = YES;
				CLANG_WARN_ENUM_CONVERSION = YES;
				CLANG_WARN_INFINITE_RECURSION = YES;
				CLANG_WARN_INT_CONVERSION = YES;
				CLANG_WARN_NON_LITERAL_NULL_CONVERSION = YES;
				CLANG_WARN_OBJC_IMPLICIT_RETAIN_SELF = YES;
				CLANG_WARN_OBJC_LITERAL_CONVERSION = YES;
				CLANG_WARN_OBJC_ROOT_CLASS = YES_ERROR;
				CLANG_WARN_QUOTED_INCLUDE_IN_FRAMEWORK_HEADER = YES;
				CLANG_WARN_RANGE_LOOP_ANALYSIS = YES;
				CLANG_WARN_STRICT_PROTOTYPES = YES;
				CLANG_WARN_SUSPICIOUS_MOVE = YES;
				CLANG_WARN_UNGUARDED_AVAILABILITY = YES_AGGRESSIVE;
				CLANG_WARN_UNREACHABLE_CODE = YES;
				CLANG_WARN__DUPLICATE_METHOD_MATCH = YES;
				COPY_PHASE_STRIP = NO;
				DEBUG_INFORMATION_FORMAT = "dwarf-with-dsym";
				ENABLE_NS_ASSERTIONS = NO;
				ENABLE_STRICT_OBJC_MSGSEND = YES;
				ENABLE_USER_SCRIPT_SANDBOXING = YES;
				GCC_C_LANGUAGE_STANDARD = gnu17;
				GCC_NO_COMMON_BLOCKS = YES;
				GCC_WARN_64_TO_32_BIT_CONVERSION = YES;
				GCC_WARN_ABOUT_RETURN_TYPE = YES_ERROR;
				GCC_WARN_UNDECLARED_SELECTOR = YES;
				GCC_WARN_UNINITIALIZED_AUTOS = YES_AGGRESSIVE;
				GCC_WARN_UNUSED_FUNCTION = YES;
				GCC_WARN_UNUSED_VARIABLE = YES;
				IPHONEOS_DEPLOYMENT_TARGET = 17.0;
				LOCALIZATION_PREFERS_STRING_CATALOGS = YES;
				MTL_ENABLE_DEBUG_INFO = NO;
				MTL_FAST_MATH = YES;
				SDKROOT = iphoneos;
				SWIFT_COMPILATION_MODE = wholemodule;
				VALIDATE_PRODUCT = YES;
			};
			name = Release;
		};
		BD000001000000AA /* Debug */ = {
			isa = XCBuildConfiguration;
			buildSettings = {
				ASSETCATALOG_COMPILER_APPICON_NAME = AppIcon;
				ASSETCATALOG_COMPILER_GLOBAL_ACCENT_COLOR_NAME = AccentColor;
				CODE_SIGN_STYLE = Automatic;
				CURRENT_PROJECT_VERSION = 1;
				DEVELOPMENT_TEAM = "";
				ENABLE_PREVIEWS = YES;
				GENERATE_INFOPLIST_FILE = YES;
				INFOPLIST_FILE = PrinterActivityMonitor/Info.plist;
				INFOPLIST_KEY_CFBundleDisplayName = "Printer Monitor";
				INFOPLIST_KEY_LSApplicationCategoryType = "public.app-category.utilities";
				INFOPLIST_KEY_NSSupportsLiveActivities = YES;
				INFOPLIST_KEY_UIApplicationSceneManifest_Generation = YES;
				INFOPLIST_KEY_UIApplicationSupportsIndirectInputEvents = YES;
				INFOPLIST_KEY_UILaunchScreen_Generation = YES;
				INFOPLIST_KEY_UISupportedInterfaceOrientations_iPad = "UIInterfaceOrientationPortrait UIInterfaceOrientationPortraitUpsideDown UIInterfaceOrientationLandscapeLeft UIInterfaceOrientationLandscapeRight";
				INFOPLIST_KEY_UISupportedInterfaceOrientations_iPhone = "UIInterfaceOrientationPortrait UIInterfaceOrientationLandscapeLeft UIInterfaceOrientationLandscapeRight";
				LD_RUNPATH_SEARCH_PATHS = (
					"$(inherited)",
					"@executable_path/Frameworks",
				);
				MARKETING_VERSION = 1.0;
				PRODUCT_BUNDLE_IDENTIFIER = com.yourname.PrinterActivityMonitor;
				PRODUCT_NAME = "$(TARGET_NAME)";
				SWIFT_EMIT_LOC_STRINGS = YES;
				SWIFT_VERSION = 5.0;
				TARGETED_DEVICE_FAMILY = "1,2";
			};
			name = Debug;
		};
		BD000002000000AA /* Release */ = {
			isa = XCBuildConfiguration;
			buildSettings = {
				ASSETCATALOG_COMPILER_APPICON_NAME = AppIcon;
				ASSETCATALOG_COMPILER_GLOBAL_ACCENT_COLOR_NAME = AccentColor;
				CODE_SIGN_STYLE = Automatic;
				CURRENT_PROJECT_VERSION = 1;
				DEVELOPMENT_TEAM = "";
				ENABLE_PREVIEWS = YES;
				GENERATE_INFOPLIST_FILE = YES;
				INFOPLIST_FILE = PrinterActivityMonitor/Info.plist;
				INFOPLIST_KEY_CFBundleDisplayName = "Printer Monitor";
				INFOPLIST_KEY_LSApplicationCategoryType = "public.app-category.utilities";
				INFOPLIST_KEY_NSSupportsLiveActivities = YES;
				INFOPLIST_KEY_UIApplicationSceneManifest_Generation = YES;
				INFOPLIST_KEY_UIApplicationSupportsIndirectInputEvents = YES;
				INFOPLIST_KEY_UILaunchScreen_Generation = YES;
				INFOPLIST_KEY_UISupportedInterfaceOrientations_iPad = "UIInterfaceOrientationPortrait UIInterfaceOrientationPortraitUpsideDown UIInterfaceOrientationLandscapeLeft UIInterfaceOrientationLandscapeRight";
				INFOPLIST_KEY_UISupportedInterfaceOrientations_iPhone = "UIInterfaceOrientationPortrait UIInterfaceOrientationLandscapeLeft UIInterfaceOrientationLandscapeRight";
				LD_RUNPATH_SEARCH_PATHS = (
					"$(inherited)",
					"@executable_path/Frameworks",
				);
				MARKETING_VERSION = 1.0;
				PRODUCT_BUNDLE_IDENTIFIER = com.yourname.PrinterActivityMonitor;
				PRODUCT_NAME = "$(TARGET_NAME)";
				SWIFT_EMIT_LOC_STRINGS = YES;
				SWIFT_VERSION = 5.0;
				TARGETED_DEVICE_FAMILY = "1,2";
			};
			name = Release;
		};
		BE000001000000BB /* Debug */ = {
			isa = XCBuildConfiguration;
			buildSettings = {
				ASSETCATALOG_COMPILER_GLOBAL_ACCENT_COLOR_NAME = AccentColor;
				ASSETCATALOG_COMPILER_WIDGET_BACKGROUND_COLOR_NAME = WidgetBackground;
				CODE_SIGN_STYLE = Automatic;
				CURRENT_PROJECT_VERSION = 1;
				DEVELOPMENT_TEAM = "";
				GENERATE_INFOPLIST_FILE = YES;
				INFOPLIST_FILE = PrinterActivityMonitorWidget/Info.plist;
				INFOPLIST_KEY_CFBundleDisplayName = PrinterActivityMonitorWidget;
				INFOPLIST_KEY_NSHumanReadableCopyright = "";
				INFOPLIST_KEY_NSSupportsLiveActivities = YES;
				LD_RUNPATH_SEARCH_PATHS = (
					"$(inherited)",
					"@executable_path/Frameworks",
					"@executable_path/../../Frameworks",
				);
				MARKETING_VERSION = 1.0;
				PRODUCT_BUNDLE_IDENTIFIER = com.yourname.PrinterActivityMonitor.PrinterActivityMonitorWidget;
				PRODUCT_NAME = "$(TARGET_NAME)";
				SKIP_INSTALL = YES;
				SWIFT_EMIT_LOC_STRINGS = YES;
				SWIFT_VERSION = 5.0;
				TARGETED_DEVICE_FAMILY = "1,2";
			};
			name = Debug;
		};
		BE000002000000BB /* Release */ = {
			isa = XCBuildConfiguration;
			buildSettings = {
				ASSETCATALOG_COMPILER_GLOBAL_ACCENT_COLOR_NAME = AccentColor;
				ASSETCATALOG_COMPILER_WIDGET_BACKGROUND_COLOR_NAME = WidgetBackground;
				CODE_SIGN_STYLE = Automatic;
				CURRENT_PROJECT_VERSION = 1;
				DEVELOPMENT_TEAM = "";
				GENERATE_INFOPLIST_FILE = YES;
				INFOPLIST_FILE = PrinterActivityMonitorWidget/Info.plist;
				INFOPLIST_KEY_CFBundleDisplayName = PrinterActivityMonitorWidget;
				INFOPLIST_KEY_NSHumanReadableCopyright = "";
				INFOPLIST_KEY_NSSupportsLiveActivities = YES;
				LD_RUNPATH_SEARCH_PATHS = (
					"$(inherited)",
					"@executable_path/Frameworks",
					"@executable_path/../../Frameworks",
				);
				MARKETING_VERSION = 1.0;
				PRODUCT_BUNDLE_IDENTIFIER = com.yourname.PrinterActivityMonitor.PrinterActivityMonitorWidget;
				PRODUCT_NAME = "$(TARGET_NAME)";
				SKIP_INSTALL = YES;
				SWIFT_EMIT_LOC_STRINGS = YES;
				SWIFT_VERSION = 5.0;
				TARGETED_DEVICE_FAMILY = "1,2";
			};
			name = Release;
		};
/* End XCBuildConfiguration section */

/* Begin XCConfigurationList section */
		B8000000000000AA /* Build configuration list for PBXProject "PrinterActivityMonitor" */ = {
			isa = XCConfigurationList;
			buildConfigurations = (
				BC000001000000AA /* Debug */,
				BC000002000000AA /* Release */,
			);
			defaultConfigurationIsVisible = 0;
			defaultConfigurationName = Release;
		};
		B8000001000000AA /* Build configuration list for PBXNativeTarget "PrinterActivityMonitor" */ = {
			isa = XCConfigurationList;
			buildConfigurations = (
				BD000001000000AA /* Debug */,
				BD000002000000AA /* Release */,
			);
			defaultConfigurationIsVisible = 0;
			defaultConfigurationName = Release;
		};
		B8000002000000BB /* Build configuration list for PBXNativeTarget "PrinterActivityMonitorWidgetExtension" */ = {
			isa = XCConfigurationList;
			buildConfigurations = (
				BE000001000000BB /* Debug */,
				BE000002000000BB /* Release */,
			);
			defaultConfigurationIsVisible = 0;
			defaultConfigurationName = Release;
		};
/* End XCConfigurationList section */
	};
	rootObject = B0000001000000AA /* Project object */;
}
